// !$*UTF8*$!
{
	archiveVersion = 1;
	classes = {
	};
	objectVersion = 60;
	objects = {

/* Begin PBXBuildFile section */
		BFF5B49D2C1B9FD10078E960 /* SwiftUIHudsonApp.swift in Sources */ = {isa = PBXBuildFile; fileRef = BFF5B49C2C1B9FD10078E960 /* SwiftUIHudsonApp.swift */; };
		BFF5B49F2C1B9FD10078E960 /* ContentView.swift in Sources */ = {isa = PBXBuildFile; fileRef = BFF5B49E2C1B9FD10078E960 /* ContentView.swift */; };
		BFF5B4A12C1B9FD20078E960 /* Assets.xcassets in Resources */ = {isa = PBXBuildFile; fileRef = BFF5B4A02C1B9FD20078E960 /* Assets.xcassets */; };
		BFF5B4A42C1B9FD20078E960 /* Preview Assets.xcassets in Resources */ = {isa = PBXBuildFile; fileRef = BFF5B4A32C1B9FD20078E960 /* Preview Assets.xcassets */; };
		BFF5B4C72C1BA2D10078E960 /* MeshGradientView.swift in Sources */ = {isa = PBXBuildFile; fileRef = BFF5B4C62C1BA2D10078E960 /* MeshGradientView.swift */; };
		BFF5B4C92C1BA35E0078E960 /* TimeLineViewGradientView.swift in Sources */ = {isa = PBXBuildFile; fileRef = BFF5B4C82C1BA35E0078E960 /* TimeLineViewGradientView.swift */; };
		BFF5B4CB2C1BA4C90078E960 /* ColorBlendView.swift in Sources */ = {isa = PBXBuildFile; fileRef = BFF5B4CA2C1BA4C90078E960 /* ColorBlendView.swift */; };
		BFF5B4CD2C1BA5010078E960 /* AnimateSymbolEffectView.swift in Sources */ = {isa = PBXBuildFile; fileRef = BFF5B4CC2C1BA5010078E960 /* AnimateSymbolEffectView.swift */; };
		BFF5B4D32C1BA6EA0078E960 /* OnScrollGeometryView.swift in Sources */ = {isa = PBXBuildFile; fileRef = BFF5B4D22C1BA6EA0078E960 /* OnScrollGeometryView.swift */; };
		BFF5B4D52C1BA72D0078E960 /* ScrollPositionView.swift in Sources */ = {isa = PBXBuildFile; fileRef = BFF5B4D42C1BA72D0078E960 /* ScrollPositionView.swift */; };
		BFF5B4D72C1BA75E0078E960 /* ScrollPhaseView.swift in Sources */ = {isa = PBXBuildFile; fileRef = BFF5B4D62C1BA75E0078E960 /* ScrollPhaseView.swift */; };
		BFF5B4DA2C1BA7C20078E960 /* IconNavigationView.swift in Sources */ = {isa = PBXBuildFile; fileRef = BFF5B4D92C1BA7C20078E960 /* IconNavigationView.swift */; };
		BFF5B4DC2C1BA8250078E960 /* SheetNavigationView.swift in Sources */ = {isa = PBXBuildFile; fileRef = BFF5B4DB2C1BA8250078E960 /* SheetNavigationView.swift */; };
		BFF5B4DE2C1BA84F0078E960 /* TabNavigationView.swift in Sources */ = {isa = PBXBuildFile; fileRef = BFF5B4DD2C1BA84F0078E960 /* TabNavigationView.swift */; };
		BFF5B4E12C1BA8B50078E960 /* EvniromentEntryView.swift in Sources */ = {isa = PBXBuildFile; fileRef = BFF5B4E02C1BA8B50078E960 /* EvniromentEntryView.swift */; };
		BFF5B4E32C1BA8E70078E960 /* GroupView.swift in Sources */ = {isa = PBXBuildFile; fileRef = BFF5B4E22C1BA8E70078E960 /* GroupView.swift */; };
		BFF5B4E52C1BA9620078E960 /* ContainerView.swift in Sources */ = {isa = PBXBuildFile; fileRef = BFF5B4E42C1BA9620078E960 /* ContainerView.swift */; };
		BFF5B4E72C1BA9A10078E960 /* PreviewView.swift in Sources */ = {isa = PBXBuildFile; fileRef = BFF5B4E62C1BA9A10078E960 /* PreviewView.swift */; };
/* End PBXBuildFile section */

/* Begin PBXFileReference section */
		BFF5B4992C1B9FD10078E960 /* SwiftUIHudson.app */ = {isa = PBXFileReference; explicitFileType = wrapper.application; includeInIndex = 0; path = SwiftUIHudson.app; sourceTree = BUILT_PRODUCTS_DIR; };
		BFF5B49C2C1B9FD10078E960 /* SwiftUIHudsonApp.swift */ = {isa = PBXFileReference; lastKnownFileType = sourcecode.swift; path = SwiftUIHudsonApp.swift; sourceTree = "<group>"; };
		BFF5B49E2C1B9FD10078E960 /* ContentView.swift */ = {isa = PBXFileReference; lastKnownFileType = sourcecode.swift; path = ContentView.swift; sourceTree = "<group>"; };
		BFF5B4A02C1B9FD20078E960 /* Assets.xcassets */ = {isa = PBXFileReference; lastKnownFileType = folder.assetcatalog; path = Assets.xcassets; sourceTree = "<group>"; };
		BFF5B4A32C1B9FD20078E960 /* Preview Assets.xcassets */ = {isa = PBXFileReference; lastKnownFileType = folder.assetcatalog; path = "Preview Assets.xcassets"; sourceTree = "<group>"; };
		BFF5B4AD2C1B9FD20078E960 /* SwiftUIHudsonTests.swift */ = {isa = PBXFileReference; lastKnownFileType = sourcecode.swift; path = SwiftUIHudsonTests.swift; sourceTree = "<group>"; };
		BFF5B4B72C1B9FD20078E960 /* SwiftUIHudsonUITests.swift */ = {isa = PBXFileReference; lastKnownFileType = sourcecode.swift; path = SwiftUIHudsonUITests.swift; sourceTree = "<group>"; };
		BFF5B4B92C1B9FD20078E960 /* SwiftUIHudsonUITestsLaunchTests.swift */ = {isa = PBXFileReference; lastKnownFileType = sourcecode.swift; path = SwiftUIHudsonUITestsLaunchTests.swift; sourceTree = "<group>"; };
		BFF5B4C62C1BA2D10078E960 /* MeshGradientView.swift */ = {isa = PBXFileReference; lastKnownFileType = sourcecode.swift; path = MeshGradientView.swift; sourceTree = "<group>"; };
		BFF5B4C82C1BA35E0078E960 /* TimeLineViewGradientView.swift */ = {isa = PBXFileReference; lastKnownFileType = sourcecode.swift; path = TimeLineViewGradientView.swift; sourceTree = "<group>"; };
		BFF5B4CA2C1BA4C90078E960 /* ColorBlendView.swift */ = {isa = PBXFileReference; lastKnownFileType = sourcecode.swift; path = ColorBlendView.swift; sourceTree = "<group>"; };
		BFF5B4CC2C1BA5010078E960 /* AnimateSymbolEffectView.swift */ = {isa = PBXFileReference; lastKnownFileType = sourcecode.swift; path = AnimateSymbolEffectView.swift; sourceTree = "<group>"; };
		BFF5B4D22C1BA6EA0078E960 /* OnScrollGeometryView.swift */ = {isa = PBXFileReference; lastKnownFileType = sourcecode.swift; path = OnScrollGeometryView.swift; sourceTree = "<group>"; };
		BFF5B4D42C1BA72D0078E960 /* ScrollPositionView.swift */ = {isa = PBXFileReference; lastKnownFileType = sourcecode.swift; path = ScrollPositionView.swift; sourceTree = "<group>"; };
		BFF5B4D62C1BA75E0078E960 /* ScrollPhaseView.swift */ = {isa = PBXFileReference; lastKnownFileType = sourcecode.swift; path = ScrollPhaseView.swift; sourceTree = "<group>"; };
		BFF5B4D92C1BA7C20078E960 /* IconNavigationView.swift */ = {isa = PBXFileReference; lastKnownFileType = sourcecode.swift; path = IconNavigationView.swift; sourceTree = "<group>"; };
		BFF5B4DB2C1BA8250078E960 /* SheetNavigationView.swift */ = {isa = PBXFileReference; lastKnownFileType = sourcecode.swift; path = SheetNavigationView.swift; sourceTree = "<group>"; };
		BFF5B4DD2C1BA84F0078E960 /* TabNavigationView.swift */ = {isa = PBXFileReference; lastKnownFileType = sourcecode.swift; path = TabNavigationView.swift; sourceTree = "<group>"; };
		BFF5B4E02C1BA8B50078E960 /* EvniromentEntryView.swift */ = {isa = PBXFileReference; lastKnownFileType = sourcecode.swift; path = EvniromentEntryView.swift; sourceTree = "<group>"; };
		BFF5B4E22C1BA8E70078E960 /* GroupView.swift */ = {isa = PBXFileReference; lastKnownFileType = sourcecode.swift; path = GroupView.swift; sourceTree = "<group>"; };
		BFF5B4E42C1BA9620078E960 /* ContainerView.swift */ = {isa = PBXFileReference; lastKnownFileType = sourcecode.swift; path = ContainerView.swift; sourceTree = "<group>"; };
		BFF5B4E62C1BA9A10078E960 /* PreviewView.swift */ = {isa = PBXFileReference; lastKnownFileType = sourcecode.swift; path = PreviewView.swift; sourceTree = "<group>"; };
/* End PBXFileReference section */

/* Begin PBXFrameworksBuildPhase section */
		BFF5B4962C1B9FD10078E960 /* Frameworks */ = {
			isa = PBXFrameworksBuildPhase;
			buildActionMask = 2147483647;
			files = (
			);
			runOnlyForDeploymentPostprocessing = 0;
		};
/* End PBXFrameworksBuildPhase section */

/* Begin PBXGroup section */
		BFF5B4902C1B9FD10078E960 = {
			isa = PBXGroup;
			children = (
				BFF5B49B2C1B9FD10078E960 /* SwiftUIHudson */,
				BFF5B4AC2C1B9FD20078E960 /* SwiftUIHudsonTests */,
				BFF5B4B62C1B9FD20078E960 /* SwiftUIHudsonUITests */,
				BFF5B49A2C1B9FD10078E960 /* Products */,
			);
			sourceTree = "<group>";
		};
		BFF5B49A2C1B9FD10078E960 /* Products */ = {
			isa = PBXGroup;
			children = (
				BFF5B4992C1B9FD10078E960 /* SwiftUIHudson.app */,
			);
			name = Products;
			sourceTree = "<group>";
		};
		BFF5B49B2C1B9FD10078E960 /* SwiftUIHudson */ = {
			isa = PBXGroup;
			children = (
				BFF5B49C2C1B9FD10078E960 /* SwiftUIHudsonApp.swift */,
				BFF5B49E2C1B9FD10078E960 /* ContentView.swift */,
				BFF5B4DF2C1BA89E0078E960 /* New superpowers */,
				BFF5B4D82C1BA7AA0078E960 /* New approaches to navigation and tabbing */,
				BFF5B4D12C1BA6430078E960 /* Upgrades to scroll views */,
				BFF5B4D02C1BA5140078E960 /* Colors, gradients, and animations */,
				BFF5B4A02C1B9FD20078E960 /* Assets.xcassets */,
				BFF5B4A22C1B9FD20078E960 /* Preview Content */,
			);
			path = SwiftUIHudson;
			sourceTree = "<group>";
		};
		BFF5B4A22C1B9FD20078E960 /* Preview Content */ = {
			isa = PBXGroup;
			children = (
				BFF5B4A32C1B9FD20078E960 /* Preview Assets.xcassets */,
			);
			path = "Preview Content";
			sourceTree = "<group>";
		};
		BFF5B4AC2C1B9FD20078E960 /* SwiftUIHudsonTests */ = {
			isa = PBXGroup;
			children = (
				BFF5B4AD2C1B9FD20078E960 /* SwiftUIHudsonTests.swift */,
			);
			path = SwiftUIHudsonTests;
			sourceTree = "<group>";
		};
		BFF5B4B62C1B9FD20078E960 /* SwiftUIHudsonUITests */ = {
			isa = PBXGroup;
			children = (
				BFF5B4B72C1B9FD20078E960 /* SwiftUIHudsonUITests.swift */,
				BFF5B4B92C1B9FD20078E960 /* SwiftUIHudsonUITestsLaunchTests.swift */,
			);
			path = SwiftUIHudsonUITests;
			sourceTree = "<group>";
		};
		BFF5B4D02C1BA5140078E960 /* Colors, gradients, and animations */ = {
			isa = PBXGroup;
			children = (
				BFF5B4CC2C1BA5010078E960 /* AnimateSymbolEffectView.swift */,
				BFF5B4C62C1BA2D10078E960 /* MeshGradientView.swift */,
				BFF5B4C82C1BA35E0078E960 /* TimeLineViewGradientView.swift */,
				BFF5B4CA2C1BA4C90078E960 /* ColorBlendView.swift */,
			);
			path = "Colors, gradients, and animations";
			sourceTree = "<group>";
		};
		BFF5B4D12C1BA6430078E960 /* Upgrades to scroll views */ = {
			isa = PBXGroup;
			children = (
				BFF5B4D22C1BA6EA0078E960 /* OnScrollGeometryView.swift */,
				BFF5B4D42C1BA72D0078E960 /* ScrollPositionView.swift */,
				BFF5B4D62C1BA75E0078E960 /* ScrollPhaseView.swift */,
			);
			path = "Upgrades to scroll views";
			sourceTree = "<group>";
		};
		BFF5B4D82C1BA7AA0078E960 /* New approaches to navigation and tabbing */ = {
			isa = PBXGroup;
			children = (
				BFF5B4DB2C1BA8250078E960 /* SheetNavigationView.swift */,
				BFF5B4DD2C1BA84F0078E960 /* TabNavigationView.swift */,
				BFF5B4D92C1BA7C20078E960 /* IconNavigationView.swift */,
			);
			path = "New approaches to navigation and tabbing";
			sourceTree = "<group>";
		};
		BFF5B4DF2C1BA89E0078E960 /* New superpowers */ = {
			isa = PBXGroup;
			children = (
				BFF5B4E02C1BA8B50078E960 /* EvniromentEntryView.swift */,
				BFF5B4E22C1BA8E70078E960 /* GroupView.swift */,
				BFF5B4E42C1BA9620078E960 /* ContainerView.swift */,
				BFF5B4E62C1BA9A10078E960 /* PreviewView.swift */,
			);
			path = "New superpowers";
			sourceTree = "<group>";
		};
/* End PBXGroup section */

/* Begin PBXNativeTarget section */
		BFF5B4982C1B9FD10078E960 /* SwiftUIHudson */ = {
			isa = PBXNativeTarget;
			buildConfigurationList = BFF5B4BD2C1B9FD20078E960 /* Build configuration list for PBXNativeTarget "SwiftUIHudson" */;
			buildPhases = (
				BFF5B4952C1B9FD10078E960 /* Sources */,
				BFF5B4962C1B9FD10078E960 /* Frameworks */,
				BFF5B4972C1B9FD10078E960 /* Resources */,
			);
			buildRules = (
			);
			dependencies = (
			);
			name = SwiftUIHudson;
			productName = SwiftUIHudson;
			productReference = BFF5B4992C1B9FD10078E960 /* SwiftUIHudson.app */;
			productType = "com.apple.product-type.application";
		};
/* End PBXNativeTarget section */

/* Begin PBXProject section */
		BFF5B4912C1B9FD10078E960 /* Project object */ = {
			isa = PBXProject;
			attributes = {
				BuildIndependentTargetsInParallel = 1;
				LastSwiftUpdateCheck = 1600;
				LastUpgradeCheck = 1600;
				TargetAttributes = {
					BFF5B4982C1B9FD10078E960 = {
						CreatedOnToolsVersion = 16.0;
					};
				};
			};
			buildConfigurationList = BFF5B4942C1B9FD10078E960 /* Build configuration list for PBXProject "SwiftUIHudson" */;
			compatibilityVersion = "Xcode 15.0";
			developmentRegion = en;
			hasScannedForEncodings = 0;
			knownRegions = (
				en,
				Base,
			);
			mainGroup = BFF5B4902C1B9FD10078E960;
			productRefGroup = BFF5B49A2C1B9FD10078E960 /* Products */;
			projectDirPath = "";
			projectRoot = "";
			targets = (
				BFF5B4982C1B9FD10078E960 /* SwiftUIHudson */,
			);
		};
/* End PBXProject section */

/* Begin PBXResourcesBuildPhase section */
		BFF5B4972C1B9FD10078E960 /* Resources */ = {
			isa = PBXResourcesBuildPhase;
			buildActionMask = 2147483647;
			files = (
				BFF5B4A42C1B9FD20078E960 /* Preview Assets.xcassets in Resources */,
				BFF5B4A12C1B9FD20078E960 /* Assets.xcassets in Resources */,
			);
			runOnlyForDeploymentPostprocessing = 0;
		};
/* End PBXResourcesBuildPhase section */

/* Begin PBXSourcesBuildPhase section */
		BFF5B4952C1B9FD10078E960 /* Sources */ = {
			isa = PBXSourcesBuildPhase;
			buildActionMask = 2147483647;
			files = (
				BFF5B49F2C1B9FD10078E960 /* ContentView.swift in Sources */,
				BFF5B4D32C1BA6EA0078E960 /* OnScrollGeometryView.swift in Sources */,
				BFF5B4E32C1BA8E70078E960 /* GroupView.swift in Sources */,
				BFF5B4E12C1BA8B50078E960 /* EvniromentEntryView.swift in Sources */,
				BFF5B4D52C1BA72D0078E960 /* ScrollPositionView.swift in Sources */,
				BFF5B4E52C1BA9620078E960 /* ContainerView.swift in Sources */,
				BFF5B4DC2C1BA8250078E960 /* SheetNavigationView.swift in Sources */,
				BFF5B4C92C1BA35E0078E960 /* TimeLineViewGradientView.swift in Sources */,
				BFF5B49D2C1B9FD10078E960 /* SwiftUIHudsonApp.swift in Sources */,
				BFF5B4E72C1BA9A10078E960 /* PreviewView.swift in Sources */,
				BFF5B4DA2C1BA7C20078E960 /* IconNavigationView.swift in Sources */,
				BFF5B4D72C1BA75E0078E960 /* ScrollPhaseView.swift in Sources */,
				BFF5B4DE2C1BA84F0078E960 /* TabNavigationView.swift in Sources */,
				BFF5B4C72C1BA2D10078E960 /* MeshGradientView.swift in Sources */,
				BFF5B4CB2C1BA4C90078E960 /* ColorBlendView.swift in Sources */,
				BFF5B4CD2C1BA5010078E960 /* AnimateSymbolEffectView.swift in Sources */,
			);
			runOnlyForDeploymentPostprocessing = 0;
		};
/* End PBXSourcesBuildPhase section */

/* Begin XCBuildConfiguration section */
		BFF5B4BB2C1B9FD20078E960 /* Debug */ = {
			isa = XCBuildConfiguration;
			buildSettings = {
				ALWAYS_SEARCH_USER_PATHS = NO;
				ASSETCATALOG_COMPILER_GENERATE_SWIFT_ASSET_SYMBOL_EXTENSIONS = YES;
				CLANG_ANALYZER_NONNULL = YES;
				CLANG_ANALYZER_NUMBER_OBJECT_CONVERSION = YES_AGGRESSIVE;
				CLANG_CXX_LANGUAGE_STANDARD = "gnu++20";
				CLANG_ENABLE_MODULES = YES;
				CLANG_ENABLE_OBJC_ARC = YES;
				CLANG_ENABLE_OBJC_WEAK = YES;
				CLANG_WARN_BLOCK_CAPTURE_AUTORELEASING = YES;
				CLANG_WARN_BOOL_CONVERSION = YES;
				CLANG_WARN_COMMA = YES;
				CLANG_WARN_CONSTANT_CONVERSION = YES;
				CLANG_WARN_DEPRECATED_OBJC_IMPLEMENTATIONS = YES;
				CLANG_WARN_DIRECT_OBJC_ISA_USAGE = YES_ERROR;
				CLANG_WARN_DOCUMENTATION_COMMENTS = YES;
				CLANG_WARN_EMPTY_BODY = YES;
				CLANG_WARN_ENUM_CONVERSION = YES;
				CLANG_WARN_INFINITE_RECURSION = YES;
				CLANG_WARN_INT_CONVERSION = YES;
				CLANG_WARN_NON_LITERAL_NULL_CONVERSION = YES;
				CLANG_WARN_OBJC_IMPLICIT_RETAIN_SELF = YES;
				CLANG_WARN_OBJC_LITERAL_CONVERSION = YES;
				CLANG_WARN_OBJC_ROOT_CLASS = YES_ERROR;
				CLANG_WARN_QUOTED_INCLUDE_IN_FRAMEWORK_HEADER = YES;
				CLANG_WARN_RANGE_LOOP_ANALYSIS = YES;
				CLANG_WARN_STRICT_PROTOTYPES = YES;
				CLANG_WARN_SUSPICIOUS_MOVE = YES;
				CLANG_WARN_UNGUARDED_AVAILABILITY = YES_AGGRESSIVE;
				CLANG_WARN_UNREACHABLE_CODE = YES;
				CLANG_WARN__DUPLICATE_METHOD_MATCH = YES;
				COPY_PHASE_STRIP = NO;
				DEBUG_INFORMATION_FORMAT = dwarf;
				ENABLE_STRICT_OBJC_MSGSEND = YES;
				ENABLE_TESTABILITY = YES;
				ENABLE_USER_SCRIPT_SANDBOXING = YES;
				GCC_C_LANGUAGE_STANDARD = gnu17;
				GCC_DYNAMIC_NO_PIC = NO;
				GCC_NO_COMMON_BLOCKS = YES;
				GCC_OPTIMIZATION_LEVEL = 0;
				GCC_PREPROCESSOR_DEFINITIONS = (
					"DEBUG=1",
					"$(inherited)",
				);
				GCC_WARN_64_TO_32_BIT_CONVERSION = YES;
				GCC_WARN_ABOUT_RETURN_TYPE = YES_ERROR;
				GCC_WARN_UNDECLARED_SELECTOR = YES;
				GCC_WARN_UNINITIALIZED_AUTOS = YES_AGGRESSIVE;
				GCC_WARN_UNUSED_FUNCTION = YES;
				GCC_WARN_UNUSED_VARIABLE = YES;
				IPHONEOS_DEPLOYMENT_TARGET = 18.0;
				LOCALIZATION_PREFERS_STRING_CATALOGS = YES;
				MTL_ENABLE_DEBUG_INFO = INCLUDE_SOURCE;
				MTL_FAST_MATH = YES;
				ONLY_ACTIVE_ARCH = YES;
				SDKROOT = iphoneos;
				SWIFT_ACTIVE_COMPILATION_CONDITIONS = "DEBUG $(inherited)";
				SWIFT_OPTIMIZATION_LEVEL = "-Onone";
			};
			name = Debug;
		};
		BFF5B4BC2C1B9FD20078E960 /* Release */ = {
			isa = XCBuildConfiguration;
			buildSettings = {
				ALWAYS_SEARCH_USER_PATHS = NO;
				ASSETCATALOG_COMPILER_GENERATE_SWIFT_ASSET_SYMBOL_EXTENSIONS = YES;
				CLANG_ANALYZER_NONNULL = YES;
				CLANG_ANALYZER_NUMBER_OBJECT_CONVERSION = YES_AGGRESSIVE;
				CLANG_CXX_LANGUAGE_STANDARD = "gnu++20";
				CLANG_ENABLE_MODULES = YES;
				CLANG_ENABLE_OBJC_ARC = YES;
				CLANG_ENABLE_OBJC_WEAK = YES;
				CLANG_WARN_BLOCK_CAPTURE_AUTORELEASING = YES;
				CLANG_WARN_BOOL_CONVERSION = YES;
				CLANG_WARN_COMMA = YES;
				CLANG_WARN_CONSTANT_CONVERSION = YES;
				CLANG_WARN_DEPRECATED_OBJC_IMPLEMENTATIONS = YES;
				CLANG_WARN_DIRECT_OBJC_ISA_USAGE = YES_ERROR;
				CLANG_WARN_DOCUMENTATION_COMMENTS = YES;
				CLANG_WARN_EMPTY_BODY = YES;
				CLANG_WARN_ENUM_CONVERSION = YES;
				CLANG_WARN_INFINITE_RECURSION = YES;
				CLANG_WARN_INT_CONVERSION = YES;
				CLANG_WARN_NON_LITERAL_NULL_CONVERSION = YES;
				CLANG_WARN_OBJC_IMPLICIT_RETAIN_SELF = YES;
				CLANG_WARN_OBJC_LITERAL_CONVERSION = YES;
				CLANG_WARN_OBJC_ROOT_CLASS = YES_ERROR;
				CLANG_WARN_QUOTED_INCLUDE_IN_FRAMEWORK_HEADER = YES;
				CLANG_WARN_RANGE_LOOP_ANALYSIS = YES;
				CLANG_WARN_STRICT_PROTOTYPES = YES;
				CLANG_WARN_SUSPICIOUS_MOVE = YES;
				CLANG_WARN_UNGUARDED_AVAILABILITY = YES_AGGRESSIVE;
				CLANG_WARN_UNREACHABLE_CODE = YES;
				CLANG_WARN__DUPLICATE_METHOD_MATCH = YES;
				COPY_PHASE_STRIP = NO;
				DEBUG_INFORMATION_FORMAT = "dwarf-with-dsym";
				ENABLE_NS_ASSERTIONS = NO;
				ENABLE_STRICT_OBJC_MSGSEND = YES;
				ENABLE_USER_SCRIPT_SANDBOXING = YES;
				GCC_C_LANGUAGE_STANDARD = gnu17;
				GCC_NO_COMMON_BLOCKS = YES;
				GCC_WARN_64_TO_32_BIT_CONVERSION = YES;
				GCC_WARN_ABOUT_RETURN_TYPE = YES_ERROR;
				GCC_WARN_UNDECLARED_SELECTOR = YES;
				GCC_WARN_UNINITIALIZED_AUTOS = YES_AGGRESSIVE;
				GCC_WARN_UNUSED_FUNCTION = YES;
				GCC_WARN_UNUSED_VARIABLE = YES;
				IPHONEOS_DEPLOYMENT_TARGET = 18.0;
				LOCALIZATION_PREFERS_STRING_CATALOGS = YES;
				MTL_ENABLE_DEBUG_INFO = NO;
				MTL_FAST_MATH = YES;
				SDKROOT = iphoneos;
				SWIFT_COMPILATION_MODE = wholemodule;
				VALIDATE_PRODUCT = YES;
			};
			name = Release;
		};
		BFF5B4BE2C1B9FD20078E960 /* Debug */ = {
			isa = XCBuildConfiguration;
			buildSettings = {
				ASSETCATALOG_COMPILER_APPICON_NAME = AppIcon;
				ASSETCATALOG_COMPILER_GLOBAL_ACCENT_COLOR_NAME = AccentColor;
				CODE_SIGN_STYLE = Automatic;
				CURRENT_PROJECT_VERSION = 1;
				DEVELOPMENT_ASSET_PATHS = "\"SwiftUIHudson/Preview Content\"";
				DEVELOPMENT_TEAM = 2MP8QWK7R6;
				ENABLE_PREVIEWS = YES;
				GENERATE_INFOPLIST_FILE = YES;
				INFOPLIST_KEY_UIApplicationSceneManifest_Generation = YES;
				INFOPLIST_KEY_UIApplicationSupportsIndirectInputEvents = YES;
				INFOPLIST_KEY_UILaunchScreen_Generation = YES;
				INFOPLIST_KEY_UISupportedInterfaceOrientations_iPad = "UIInterfaceOrientationPortrait UIInterfaceOrientationPortraitUpsideDown UIInterfaceOrientationLandscapeLeft UIInterfaceOrientationLandscapeRight";
				INFOPLIST_KEY_UISupportedInterfaceOrientations_iPhone = "UIInterfaceOrientationPortrait UIInterfaceOrientationLandscapeLeft UIInterfaceOrientationLandscapeRight";
				LD_RUNPATH_SEARCH_PATHS = (
					"$(inherited)",
					"@executable_path/Frameworks",
				);
				MARKETING_VERSION = 1.0;
				PRODUCT_BUNDLE_IDENTIFIER = de.lena.SwiftUIHudson;
				PRODUCT_NAME = "$(TARGET_NAME)";
				REGISTER_APP_GROUPS = YES;
				SUPPORTED_PLATFORMS = "iphoneos iphonesimulator macosx";
				SUPPORTS_MACCATALYST = NO;
				SUPPORTS_MAC_DESIGNED_FOR_IPHONE_IPAD = NO;
				SWIFT_EMIT_LOC_STRINGS = YES;
				SWIFT_VERSION = 5.0;
				TARGETED_DEVICE_FAMILY = "1,2";
			};
			name = Debug;
		};
		BFF5B4BF2C1B9FD20078E960 /* Release */ = {
			isa = XCBuildConfiguration;
			buildSettings = {
				ASSETCATALOG_COMPILER_APPICON_NAME = AppIcon;
				ASSETCATALOG_COMPILER_GLOBAL_ACCENT_COLOR_NAME = AccentColor;
				CODE_SIGN_STYLE = Automatic;
				CURRENT_PROJECT_VERSION = 1;
				DEVELOPMENT_ASSET_PATHS = "\"SwiftUIHudson/Preview Content\"";
				DEVELOPMENT_TEAM = 2MP8QWK7R6;
				ENABLE_PREVIEWS = YES;
				GENERATE_INFOPLIST_FILE = YES;
				INFOPLIST_KEY_UIApplicationSceneManifest_Generation = YES;
				INFOPLIST_KEY_UIApplicationSupportsIndirectInputEvents = YES;
				INFOPLIST_KEY_UILaunchScreen_Generation = YES;
				INFOPLIST_KEY_UISupportedInterfaceOrientations_iPad = "UIInterfaceOrientationPortrait UIInterfaceOrientationPortraitUpsideDown UIInterfaceOrientationLandscapeLeft UIInterfaceOrientationLandscapeRight";
				INFOPLIST_KEY_UISupportedInterfaceOrientations_iPhone = "UIInterfaceOrientationPortrait UIInterfaceOrientationLandscapeLeft UIInterfaceOrientationLandscapeRight";
				LD_RUNPATH_SEARCH_PATHS = (
					"$(inherited)",
					"@executable_path/Frameworks",
				);
				MARKETING_VERSION = 1.0;
				PRODUCT_BUNDLE_IDENTIFIER = de.lena.SwiftUIHudson;
				PRODUCT_NAME = "$(TARGET_NAME)";
				REGISTER_APP_GROUPS = YES;
				SUPPORTED_PLATFORMS = "iphoneos iphonesimulator macosx";
				SUPPORTS_MACCATALYST = NO;
				SUPPORTS_MAC_DESIGNED_FOR_IPHONE_IPAD = NO;
				SWIFT_EMIT_LOC_STRINGS = YES;
				SWIFT_VERSION = 5.0;
				TARGETED_DEVICE_FAMILY = "1,2";
			};
			name = Release;
		};
/* End XCBuildConfiguration section */

/* Begin XCConfigurationList section */
		BFF5B4942C1B9FD10078E960 /* Build configuration list for PBXProject "SwiftUIHudson" */ = {
			isa = XCConfigurationList;
			buildConfigurations = (
				BFF5B4BB2C1B9FD20078E960 /* Debug */,
				BFF5B4BC2C1B9FD20078E960 /* Release */,
			);
			defaultConfigurationIsVisible = 0;
			defaultConfigurationName = Release;
		};
		BFF5B4BD2C1B9FD20078E960 /* Build configuration list for PBXNativeTarget "SwiftUIHudson" */ = {
			isa = XCConfigurationList;
			buildConfigurations = (
				BFF5B4BE2C1B9FD20078E960 /* Debug */,
				BFF5B4BF2C1B9FD20078E960 /* Release */,
			);
			defaultConfigurationIsVisible = 0;
			defaultConfigurationName = Release;
		};
/* End XCConfigurationList section */
	};
	rootObject = BFF5B4912C1B9FD10078E960 /* Project object */;
}
